
Microsoft Visual Studio Solution File, Format Version 12.00
# Visual Studio Version 17
VisualStudioVersion = 17.13.35806.99
MinimumVisualStudioVersion = 10.0.40219.1
Project("{FAE04EC0-301F-11D3-BF4B-00C04F79EFBC}") = "Quartet Game", "Quartet Game\Quartet Game.csproj", "{BB388F7A-1DC2-474A-8751-B5B058A2A5EE}"
EndProject
Global
	GlobalSection(SolutionConfigurationPlatforms) = preSolution
		Debug|Any CPU = Debug|Any CPU
		Release|Any CPU = Release|Any CPU
	EndGlobalSection
	GlobalSection(ProjectConfigurationPlatforms) = postSolution
		{BB388F7A-1DC2-474A-8751-B5B058A2A5EE}.Debug|Any CPU.ActiveCfg = Debug|Any CPU
		{BB388F7A-1DC2-474A-8751-B5B058A2A5EE}.Debug|Any CPU.Build.0 = Debug|Any CPU
		{BB388F7A-1DC2-474A-8751-B5B058A2A5EE}.Release|Any CPU.ActiveCfg = Release|Any CPU
		{BB388F7A-1DC2-474A-8751-B5B058A2A5EE}.Release|Any CPU.Build.0 = Release|Any CPU
	EndGlobalSection
	GlobalSection(SolutionProperties) = preSolution
		HideSolutionNode = FALSE
	EndGlobalSection
	GlobalSection(ExtensibilityGlobals) = postSolution
		SolutionGuid = {7C870E73-1CCB-45ED-9FF6-DBD6C5B16E99}
	EndGlobalSection
EndGlobal
